{
  "name": "customer-area",
  "version": "8.1.5",
  "lockfileVersion": 2,
  "requires": true,
  "packages": {
    "": {
      "name": "customer-area",
      "version": "8.1.5",
      "license": "GPL-3.0",
      "dependencies": {
        "blueimp-file-upload": "github:blueimp/jQuery-File-Upload#v10.32.0",
        "bootstrap": "github:twbs/bootstrap#v3.3.6",
        "bootstrap-slider": "github:seiyria/bootstrap-slider#v10.6.2",
        "font-awesome": "github:FortAwesome/Font-Awesome#v4.7.0",
        "jquery": "^3.6.0",
        "jquery-steps": "github:rstaib/jquery-steps#1.1.0",
        "jquery.fancytree": "github:mar10/fancytree#v2.33.0",
        "jquery.steps": "github:rstaib/jquery-steps#1.1.0",
        "js-cookie": "github:js-cookie/js-cookie#v2.2.1",
        "seiyria-bootstrap-slider": "seiyria/bootstrap-slider#v10.6.2",
        "select2": "github:ivaynberg/select2#4.0.12",
        "slick-carousel": "github:kenwheeler/slick#v1.8.1",
        "summernote": "github:summernote/summernote#v0.8.20",
        "summernote-image-attributes": "github:DiemenDesign/summernote-image-attributes#dadcca4dd7c431749f15efea1d032228f4d20091"
      }
    },
    "node_modules/blueimp-canvas-to-blob": {
      "version": "3.29.0",
      "resolved": "https://registry.npmjs.org/blueimp-canvas-to-blob/-/blueimp-canvas-to-blob-3.29.0.tgz",
      "integrity": "sha512-0pcSSGxC0QxT+yVkivxIqW0Y4VlO2XSDPofBAqoJ1qJxgH9eiUDLv50Rixij2cDuEfx4M6DpD9UGZpRhT5Q8qg==",
      "optional": true
    },
    "node_modules/blueimp-file-upload": {
      "version": "10.31.0",
      "resolved": "git+ssh://git@github.com/blueimp/jQuery-File-Upload.git#7e655a866677184412fe16a512c61c547a1e875c",
      "license": "MIT",
      "optionalDependencies": {
        "blueimp-canvas-to-blob": "3",
        "blueimp-load-image": "5",
        "blueimp-tmpl": "3"
      },
      "peerDependencies": {
        "jquery": ">=1.7"
      }
    },
    "node_modules/blueimp-load-image": {
      "version": "5.16.0",
      "resolved": "https://registry.npmjs.org/blueimp-load-image/-/blueimp-load-image-5.16.0.tgz",
      "integrity": "sha512-3DUSVdOtlfNRk7moRZuTwDmA3NnG8KIJuLcq3c0J7/BIr6X3Vb/EpX3kUH1joxUhmoVF4uCpDfz7wHkz8pQajA==",
      "optional": true
    },
    "node_modules/blueimp-tmpl": {
      "version": "3.20.0",
      "resolved": "https://registry.npmjs.org/blueimp-tmpl/-/blueimp-tmpl-3.20.0.tgz",
      "integrity": "sha512-g6ln9L+VX8ZA4WA8mgKMethYH+5teroJ2uOkCvcthy9Y9d9LrQ42OAMn+r3ECKu9CB+xe9GOChlIUJBSxwkI6g==",
      "optional": true,
      "bin": {
        "tmpl.js": "js/compile.js"
      }
    },
    "node_modules/bootstrap": {
      "version": "3.3.6",
      "resolved": "git+ssh://git@github.com/twbs/bootstrap.git#81df608a40bf0629a1dc08e584849bb1e43e0b7a",
      "license": "MIT",
      "engines": {
        "node": ">=0.10.1"
      }
    },
    "node_modules/bootstrap-slider": {
      "version": "10.6.2",
      "resolved": "git+ssh://git@github.com/seiyria/bootstrap-slider.git#16ebedebe70584c561bc0d1c5af7e91b93e81ec4",
      "license": "MIT"
    },
    "node_modules/font-awesome": {
      "version": "4.7.0",
      "resolved": "git+ssh://git@github.com/FortAwesome/Font-Awesome.git#a8386aae19e200ddb0f6845b5feeee5eb7013687",
      "license": "(OFL-1.1 AND MIT)",
      "engines": {
        "node": ">=0.10.3"
      }
    },
    "node_modules/jquery": {
      "version": "3.6.1",
      "resolved": "https://registry.npmjs.org/jquery/-/jquery-3.6.1.tgz",
      "integrity": "sha512-opJeO4nCucVnsjiXOE+/PcCgYw9Gwpvs/a6B1LL/lQhwWwpbVEVYDZ1FokFr8PRc7ghYlrFPuyHuiiDNTQxmcw=="
    },
    "node_modules/jquery-steps": {
      "version": "1.1.0",
      "resolved": "git+ssh://git@github.com/rstaib/jquery-steps.git#117f74ead252ee3162b480e72a040b585326cafb"
    },
    "node_modules/jquery.fancytree": {
      "version": "2.33.0",
      "resolved": "git+ssh://git@github.com/mar10/fancytree.git#354caceec99e5f497b04a3bf57794d0c18f5aef2",
      "license": "MIT",
      "peerDependencies": {
        "jquery": ">=1.9"
      }
    },
    "node_modules/jquery.steps": {
      "name": "jquery-steps",
      "version": "1.1.0",
      "resolved": "git+ssh://git@github.com/rstaib/jquery-steps.git#117f74ead252ee3162b480e72a040b585326cafb"
    },
    "node_modules/js-cookie": {
      "version": "2.2.1",
      "resolved": "git+ssh://git@github.com/js-cookie/js-cookie.git#54962f884e9ae33f93e13ac903ffaf1d5a523598",
      "license": "MIT"
    },
    "node_modules/seiyria-bootstrap-slider": {
      "name": "bootstrap-slider",
      "version": "10.6.2",
      "resolved": "git+ssh://git@github.com/seiyria/bootstrap-slider.git#16ebedebe70584c561bc0d1c5af7e91b93e81ec4",
      "license": "MIT"
    },
    "node_modules/select2": {
      "version": "4.0.12",
      "resolved": "git+ssh://git@github.com/ivaynberg/select2.git#5765090318c4d382ae56463cfa25ba8ca7bdd495",
      "license": "MIT"
    },
    "node_modules/slick-carousel": {
      "version": "1.8.1",
      "resolved": "git+ssh://git@github.com/kenwheeler/slick.git#0f40c9d6a02a5c08b5f4dd80fdada3a854a59bee",
      "license": "MIT",
      "peerDependencies": {
        "jquery": ">=1.8.0"
      }
    },
    "node_modules/summernote": {
      "version": "0.8.12",
      "resolved": "git+ssh://git@github.com/summernote/summernote.git#82a3f2fe935776f175a43e18628a5265f878ec47",
      "license": "MIT"
    },
    "node_modules/summernote-image-attributes": {
      "version": "1.0.0",
      "resolved": "git+ssh://git@github.com/DiemenDesign/summernote-image-attributes.git#dadcca4dd7c431749f15efea1d032228f4d20091",
      "integrity": "sha512-lzn3DhoefgpYM7v6+jzih1il7HGqTkb2OjUC03F/WCp1+EwJWxUGjUDY9BWKHUK4G4+rxvLlNdJA4XkA25D2Gg==",
      "dependencies": {
        "summernote": "^0.8.2"
      }
    }
  },
  "dependencies": {
    "blueimp-canvas-to-blob": {
      "version": "3.29.0",
      "resolved": "https://registry.npmjs.org/blueimp-canvas-to-blob/-/blueimp-canvas-to-blob-3.29.0.tgz",
      "integrity": "sha512-0pcSSGxC0QxT+yVkivxIqW0Y4VlO2XSDPofBAqoJ1qJxgH9eiUDLv50Rixij2cDuEfx4M6DpD9UGZpRhT5Q8qg==",
      "optional": true
    },
    "blueimp-file-upload": {
      "version": "git+ssh://git@github.com/blueimp/jQuery-File-Upload.git#7e655a866677184412fe16a512c61c547a1e875c",
      "from": "blueimp-file-upload@github:blueimp/jQuery-File-Upload#v10.32.0",
      "requires": {
        "blueimp-canvas-to-blob": "3",
        "blueimp-load-image": "5",
        "blueimp-tmpl": "3"
      }
    },
    "blueimp-load-image": {
      "version": "5.16.0",
      "resolved": "https://registry.npmjs.org/blueimp-load-image/-/blueimp-load-image-5.16.0.tgz",
      "integrity": "sha512-3DUSVdOtlfNRk7moRZuTwDmA3NnG8KIJuLcq3c0J7/BIr6X3Vb/EpX3kUH1joxUhmoVF4uCpDfz7wHkz8pQajA==",
      "optional": true
    },
    "blueimp-tmpl": {
      "version": "3.20.0",
      "resolved": "https://registry.npmjs.org/blueimp-tmpl/-/blueimp-tmpl-3.20.0.tgz",
      "integrity": "sha512-g6ln9L+VX8ZA4WA8mgKMethYH+5teroJ2uOkCvcthy9Y9d9LrQ42OAMn+r3ECKu9CB+xe9GOChlIUJBSxwkI6g==",
      "optional": true
    },
    "bootstrap": {
      "version": "git+ssh://git@github.com/twbs/bootstrap.git#81df608a40bf0629a1dc08e584849bb1e43e0b7a",
      "from": "bootstrap@github:twbs/bootstrap#v3.3.6"
    },
    "bootstrap-slider": {
      "version": "git+ssh://git@github.com/seiyria/bootstrap-slider.git#16ebedebe70584c561bc0d1c5af7e91b93e81ec4",
      "from": "bootstrap-slider@github:seiyria/bootstrap-slider#v10.6.2"
    },
    "font-awesome": {
      "version": "git+ssh://git@github.com/FortAwesome/Font-Awesome.git#a8386aae19e200ddb0f6845b5feeee5eb7013687",
      "from": "font-awesome@github:FortAwesome/Font-Awesome#v4.7.0"
    },
    "jquery": {
      "version": "3.6.1",
      "resolved": "https://registry.npmjs.org/jquery/-/jquery-3.6.1.tgz",
      "integrity": "sha512-opJeO4nCucVnsjiXOE+/PcCgYw9Gwpvs/a6B1LL/lQhwWwpbVEVYDZ1FokFr8PRc7ghYlrFPuyHuiiDNTQxmcw=="
    },
    "jquery-steps": {
      "version": "git+ssh://git@github.com/rstaib/jquery-steps.git#117f74ead252ee3162b480e72a040b585326cafb",
      "from": "jquery-steps@github:rstaib/jquery-steps#1.1.0"
    },
    "jquery.fancytree": {
      "version": "git+ssh://git@github.com/mar10/fancytree.git#354caceec99e5f497b04a3bf57794d0c18f5aef2",
      "from": "jquery.fancytree@github:mar10/fancytree#v2.33.0",
      "requires": {}
    },
    "jquery.steps": {
      "version": "git+ssh://git@github.com/rstaib/jquery-steps.git#117f74ead252ee3162b480e72a040b585326cafb",
      "from": "jquery.steps@github:rstaib/jquery-steps#1.1.0"
    },
    "js-cookie": {
      "version": "git+ssh://git@github.com/js-cookie/js-cookie.git#54962f884e9ae33f93e13ac903ffaf1d5a523598",
      "from": "js-cookie@github:js-cookie/js-cookie#v2.2.1"
    },
    "seiyria-bootstrap-slider": {
      "version": "git+ssh://git@github.com/seiyria/bootstrap-slider.git#16ebedebe70584c561bc0d1c5af7e91b93e81ec4",
      "from": "seiyria-bootstrap-slider@seiyria/bootstrap-slider#v10.6.2"
    },
    "select2": {
      "version": "git+ssh://git@github.com/ivaynberg/select2.git#5765090318c4d382ae56463cfa25ba8ca7bdd495",
      "from": "select2@github:ivaynberg/select2#4.0.12"
    },
    "slick-carousel": {
      "version": "git+ssh://git@github.com/kenwheeler/slick.git#0f40c9d6a02a5c08b5f4dd80fdada3a854a59bee",
      "from": "slick-carousel@github:kenwheeler/slick#v1.8.1",
      "requires": {}
    },
    "summernote": {
      "version": "git+ssh://git@github.com/summernote/summernote.git#82a3f2fe935776f175a43e18628a5265f878ec47",
      "from": "summernote@github:summernote/summernote#v0.8.20"
    },
    "summernote-image-attributes": {
      "version": "git+ssh://git@github.com/DiemenDesign/summernote-image-attributes.git#dadcca4dd7c431749f15efea1d032228f4d20091",
      "integrity": "sha512-lzn3DhoefgpYM7v6+jzih1il7HGqTkb2OjUC03F/WCp1+EwJWxUGjUDY9BWKHUK4G4+rxvLlNdJA4XkA25D2Gg==",
      "from": "summernote-image-attributes@github:DiemenDesign/summernote-image-attributes#dadcca4dd7c431749f15efea1d032228f4d20091",
      "requires": {
        "summernote": "^0.8.2"
      }
    }
  }
}
